hash: a2bde427e6a4f22fd31d48e6ed2a5743c711d25ff6101bde46af9c166f4168e1
updated: 2016-09-14T18:32:36.895816971-07:00
imports:
- name: github.com/cloudfoundry-incubator/candiedyaml
  version: 88044bcce21d8837bae1d58b135a615386e7da6b
- name: github.com/coreos/etcd
  version: ""
  subpackages:
  - clientv3
  - auth/authpb
  - etcdserver/api/v3rpc/rpctypes
  - etcdserver/etcdserverpb
  - mvcc/mvccpb
  - pkg/tlsutil
- name: github.com/davecgh/go-spew
  version: 88044bcce21d8837bae1d58b135a615386e7da6b
  subpackages:
  - spew
- name: github.com/docker/docker
  version: ""
  subpackages:
  - client
  - types
  - pkg/stringid
  - pkg/random
- name: github.com/docker/go-connections
  version: 990a1a1a70b0da4c4cb70e117971a4f0babfbf1a
  subpackages:
  - nat
- name: github.com/eapache/go-resiliency
  version: 88044bcce21d8837bae1d58b135a615386e7da6b
  subpackages:
  - breaker
- name: github.com/eapache/go-xerial-snappy
  version: 88044bcce21d8837bae1d58b135a615386e7da6b
- name: github.com/eapache/queue
  version: 88044bcce21d8837bae1d58b135a615386e7da6b
- name: github.com/fatih/color
  version: ""
- name: github.com/fsnotify/fsnotify
  version: 88044bcce21d8837bae1d58b135a615386e7da6b
- name: github.com/ghodss/yaml
  version: 88044bcce21d8837bae1d58b135a615386e7da6b
- name: github.com/golang/protobuf
  version: 88044bcce21d8837bae1d58b135a615386e7da6b
  subpackages:
  - proto
  - jsonpb
- name: github.com/golang/snappy
  version: ""
- name: github.com/google/go-github
  version: 88044bcce21d8837bae1d58b135a615386e7da6b
  subpackages:
  - github
- name: github.com/google/go-querystring
  version: 88044bcce21d8837bae1d58b135a615386e7da6b
  subpackages:
  - query
- name: github.com/grpc-ecosystem/grpc-gateway
  version: 88044bcce21d8837bae1d58b135a615386e7da6b
  subpackages:
  - runtime
  - utilities
  - runtime/internal
- name: github.com/hashicorp/hcl
  version: 88044bcce21d8837bae1d58b135a615386e7da6b
  subpackages:
  - hcl/ast
  - hcl/parser
  - hcl/token
  - json/parser
  - hcl/scanner
  - hcl/strconv
  - json/scanner
  - json/token
- name: github.com/howeyc/gopass
  version: 88044bcce21d8837bae1d58b135a615386e7da6b
- name: github.com/inconshreveable/mousetrap
  version: 88044bcce21d8837bae1d58b135a615386e7da6b
- name: github.com/influxdata/influxdb
  version: ""
  subpackages:
  - client/v2
  - models
  - pkg/escape
- name: github.com/klauspost/crc32
  version: 88044bcce21d8837bae1d58b135a615386e7da6b
- name: github.com/kr/fs
  version: 88044bcce21d8837bae1d58b135a615386e7da6b
- name: github.com/magiconair/properties
  version: 88044bcce21d8837bae1d58b135a615386e7da6b
- name: github.com/mattn/go-colorable
  version: 88044bcce21d8837bae1d58b135a615386e7da6b
- name: github.com/mattn/go-isatty
  version: 88044bcce21d8837bae1d58b135a615386e7da6b
- name: github.com/mitchellh/go-homedir
  version: 88044bcce21d8837bae1d58b135a615386e7da6b
- name: github.com/mitchellh/mapstructure
  version: 88044bcce21d8837bae1d58b135a615386e7da6b
- name: github.com/pelletier/go-buffruneio
  version: 88044bcce21d8837bae1d58b135a615386e7da6b
- name: github.com/pelletier/go-toml
  version: 88044bcce21d8837bae1d58b135a615386e7da6b
- name: github.com/pkg/errors
  version: 88044bcce21d8837bae1d58b135a615386e7da6b
- name: github.com/pkg/sftp
  version: 88044bcce21d8837bae1d58b135a615386e7da6b
- name: github.com/Shopify/sarama
  version: ""
- name: github.com/spf13/afero
  version: 88044bcce21d8837bae1d58b135a615386e7da6b
  subpackages:
  - mem
  - sftp
- name: github.com/spf13/cast
  version: 88044bcce21d8837bae1d58b135a615386e7da6b
- name: github.com/spf13/cobra
  version: 88044bcce21d8837bae1d58b135a615386e7da6b
- name: github.com/spf13/jwalterweatherman
  version: 88044bcce21d8837bae1d58b135a615386e7da6b
- name: github.com/spf13/pflag
  version: 88044bcce21d8837bae1d58b135a615386e7da6b
- name: github.com/spf13/viper
  version: 88044bcce21d8837bae1d58b135a615386e7da6b
- name: golang.org/x/crypto
  version: ""
  subpackages:
  - ssh/terminal
  - ssh
  - curve25519
  - ed25519
  - ed25519/internal/edwards25519
- name: golang.org/x/net
  version: 88044bcce21d8837bae1d58b135a615386e7da6b
  subpackages:
  - context
  - http2
  - trace
  - context/ctxhttp
  - http2/hpack
  - lex/httplex
  - internal/timeseries
- name: golang.org/x/oauth2
  version: 88044bcce21d8837bae1d58b135a615386e7da6b
  subpackages:
  - internal
- name: golang.org/x/sys
  version: 88044bcce21d8837bae1d58b135a615386e7da6b
  subpackages:
  - unix
- name: golang.org/x/text
  version: 88044bcce21d8837bae1d58b135a615386e7da6b
  subpackages:
  - transform
  - unicode/norm
- name: google.golang.org/appengine
  version: 88044bcce21d8837bae1d58b135a615386e7da6b
  subpackages:
  - urlfetch
  - internal
  - internal/urlfetch
  - internal/base
  - internal/datastore
  - internal/log
  - internal/remote_api
- name: google.golang.org/grpc
  version: ""
  subpackages:
  - codes
  - metadata
  - credentials
  - grpclog
  - internal
  - naming
  - transport
  - peer
- name: gopkg.in/olivere/elastic.v3
  version: ""
  subpackages:
  - backoff
  - uritemplates
- name: gopkg.in/yaml.v2
  version: 88044bcce21d8837bae1d58b135a615386e7da6b
testImports:
- name: github.com/stretchr/testify
  version: ""
  subpackages:
  - assert
