hash: 07655c1bfbf5d408dd9298a16c322767226c88b2f852ff581dfe553d6e07f674
updated: 2016-08-23T20:21:30.589279085+02:00
imports:
- name: github.com/BurntSushi/toml
  version: 53d453ba1f1e7337bcd47a44c68c5faeb33c5284
- name: github.com/coreos/etcd
  version: 53d453ba1f1e7337bcd47a44c68c5faeb33c5284
  subpackages:
  - clientv3
  - auth/authpb
  - etcdserver/api/v3rpc/rpctypes
  - etcdserver/etcdserverpb
  - mvcc/mvccpb
  - pkg/tlsutil
- name: github.com/davecgh/go-spew
  version: fc32781af5e85e548d3f1abaf0fa3dbe8a72495c
  subpackages:
  - spew
- name: github.com/eapache/go-resiliency
  version: b86b1ec0dd4209a588dc1285cdd471e73525c0b3
  subpackages:
  - breaker
- name: github.com/eapache/go-xerial-snappy
  version: bb955e01b9346ac19dc29eb16586c90ded99a98c
- name: github.com/eapache/queue
  version: 44cc805cf13205b55f69e14bcb69867d1ae92f98
- name: github.com/fatih/color
  version: 53d453ba1f1e7337bcd47a44c68c5faeb33c5284
- name: github.com/fsnotify/fsnotify
  version: 53d453ba1f1e7337bcd47a44c68c5faeb33c5284
- name: github.com/ghodss/yaml
  version: ""
- name: github.com/golang/protobuf
  version: ""
  subpackages:
  - proto
  - jsonpb
- name: github.com/golang/snappy
  version: 5979233c5d6225d4a8e438cdd0b411888449ddab
- name: github.com/google/go-github
  version: 53d453ba1f1e7337bcd47a44c68c5faeb33c5284
  subpackages:
  - github
- name: github.com/google/go-querystring
  version: 53d453ba1f1e7337bcd47a44c68c5faeb33c5284
  subpackages:
  - query
- name: github.com/grpc-ecosystem/grpc-gateway
  version: ""
  subpackages:
  - runtime
  - runtime/internal
  - utilities
- name: github.com/hashicorp/hcl
  version: 53d453ba1f1e7337bcd47a44c68c5faeb33c5284
  subpackages:
  - hcl/ast
  - hcl/parser
  - hcl/token
  - json/parser
  - hcl/scanner
  - hcl/strconv
  - json/scanner
  - json/token
- name: github.com/howeyc/gopass
  version: 53d453ba1f1e7337bcd47a44c68c5faeb33c5284
- name: github.com/inconshreveable/mousetrap
  version: 53d453ba1f1e7337bcd47a44c68c5faeb33c5284
- name: github.com/influxdata/influxdb
  version: ""
  subpackages:
  - client/v2
  - models
  - pkg/escape
- name: github.com/klauspost/crc32
  version: 19b0b332c9e4516a6370a0456e6182c3b5036720
- name: github.com/kr/fs
  version: 53d453ba1f1e7337bcd47a44c68c5faeb33c5284
- name: github.com/magiconair/properties
  version: 53d453ba1f1e7337bcd47a44c68c5faeb33c5284
- name: github.com/mattn/go-colorable
  version: 53d453ba1f1e7337bcd47a44c68c5faeb33c5284
- name: github.com/mattn/go-isatty
  version: 53d453ba1f1e7337bcd47a44c68c5faeb33c5284
- name: github.com/mitchellh/go-homedir
  version: 53d453ba1f1e7337bcd47a44c68c5faeb33c5284
- name: github.com/mitchellh/mapstructure
  version: 53d453ba1f1e7337bcd47a44c68c5faeb33c5284
- name: github.com/pkg/errors
  version: 53d453ba1f1e7337bcd47a44c68c5faeb33c5284
- name: github.com/pkg/sftp
  version: 53d453ba1f1e7337bcd47a44c68c5faeb33c5284
- name: github.com/Shopify/sarama
  version: 94895118af045d13c7e576477276a53afccdd6b1
- name: github.com/spf13/afero
  version: 53d453ba1f1e7337bcd47a44c68c5faeb33c5284
  subpackages:
  - mem
  - sftp
- name: github.com/spf13/cast
  version: 53d453ba1f1e7337bcd47a44c68c5faeb33c5284
- name: github.com/spf13/cobra
  version: 53d453ba1f1e7337bcd47a44c68c5faeb33c5284
- name: github.com/spf13/jwalterweatherman
  version: 53d453ba1f1e7337bcd47a44c68c5faeb33c5284
- name: github.com/spf13/pflag
  version: 53d453ba1f1e7337bcd47a44c68c5faeb33c5284
- name: github.com/spf13/viper
  version: 53d453ba1f1e7337bcd47a44c68c5faeb33c5284
- name: golang.org/x/crypto
  version: ""
  subpackages:
  - ssh/terminal
  - ssh
  - curve25519
- name: golang.org/x/net
  version: ""
  subpackages:
  - context
  - http2
  - trace
  - http2/hpack
  - internal/timeseries
- name: golang.org/x/oauth2
  version: 53d453ba1f1e7337bcd47a44c68c5faeb33c5284
  subpackages:
  - internal
- name: golang.org/x/sys
  version: ""
  subpackages:
  - unix
- name: golang.org/x/text
  version: 53d453ba1f1e7337bcd47a44c68c5faeb33c5284
  subpackages:
  - transform
  - unicode/norm
- name: google.golang.org/appengine
  version: 53d453ba1f1e7337bcd47a44c68c5faeb33c5284
  subpackages:
  - urlfetch
  - internal
  - internal/urlfetch
  - internal/base
  - internal/datastore
  - internal/log
  - internal/remote_api
- name: google.golang.org/grpc
  version: ""
  subpackages:
  - codes
  - metadata
  - credentials
  - grpclog
  - internal
  - naming
  - transport
  - peer
- name: gopkg.in/olivere/elastic.v3
  version: 53d453ba1f1e7337bcd47a44c68c5faeb33c5284
  subpackages:
  - backoff
  - uritemplates
- name: gopkg.in/yaml.v2
  version: 53d453ba1f1e7337bcd47a44c68c5faeb33c5284
testImports: []
